
Microsoft Visual Studio Solution File, Format Version 12.00
# Visual Studio Version 17
VisualStudioVersion = 17.10.35013.160
MinimumVisualStudioVersion = 10.0.40219.1
Project("{9A19103F-16F7-4668-BE54-9A1E7A4F7556}") = "WS.WebAPI", "WS.WebAPI\WS.WebAPI.csproj", "{B701B7C0-9EAA-4394-87B4-07AA02479933}"
EndProject
Project("{2150E333-8FDC-42A3-9474-1A3956D46DE8}") = "Services", "Services", "{E9239875-2DA3-4538-BA5B-AF37A5CEC5A4}"
EndProject
Project("{2150E333-8FDC-42A3-9474-1A3956D46DE8}") = "Order", "Order", "{1F959C01-9D63-4C4C-B395-4F2B48968466}"
EndProject
Project("{2150E333-8FDC-42A3-9474-1A3956D46DE8}") = "Product", "Product", "{B05DAA8A-DE36-41A7-BBD3-7C69DB4FB6ED}"
EndProject
Project("{2150E333-8FDC-42A3-9474-1A3956D46DE8}") = "Auth", "Auth", "{CB0E65C7-FBA9-457B-BDE6-FDE4E70ABEDC}"
EndProject
Project("{2150E333-8FDC-42A3-9474-1A3956D46DE8}") = "Notification", "Notification", "{6AB0D1EF-5949-4996-BC8F-664F1068961B}"
EndProject
Project("{2150E333-8FDC-42A3-9474-1A3956D46DE8}") = "Shared", "Shared", "{1938457D-0E2E-4B98-99EB-B6AD33ED6E42}"
EndProject
Project("{9A19103F-16F7-4668-BE54-9A1E7A4F7556}") = "WS.Auth.Domain", "Services\Auth\WS.Auth.Domain\WS.Auth.Domain.csproj", "{C5D8EF5C-1EC4-4C80-87A9-3D9C6ECCF944}"
EndProject
Project("{9A19103F-16F7-4668-BE54-9A1E7A4F7556}") = "WS.Auth.ApplicationService", "Services\Auth\WS.Auth.ApplicationService\WS.Auth.ApplicationService.csproj", "{3C48AD3B-67A8-4CFC-8B66-25FF84A3280B}"
EndProject
Project("{9A19103F-16F7-4668-BE54-9A1E7A4F7556}") = "WS.Auth.Infrastructure", "Services\Auth\WS.Auth.Infrastructure\WS.Auth.Infrastructure.csproj", "{DE5E3928-EA8E-4D0A-A8A9-77F43A87A974}"
EndProject
Project("{9A19103F-16F7-4668-BE54-9A1E7A4F7556}") = "WS.Auth.Dtos", "Services\Auth\WS.Auth.Dtos\WS.Auth.Dtos.csproj", "{47128052-E812-4F79-9519-EE7EE4C990CA}"
EndProject
Project("{9A19103F-16F7-4668-BE54-9A1E7A4F7556}") = "WS.Notification.Domain", "Services\Notification\WS.Notification.Domain\WS.Notification.Domain.csproj", "{EB0CC878-8CC6-41F2-93E5-E3BF22FF8125}"
EndProject
Project("{9A19103F-16F7-4668-BE54-9A1E7A4F7556}") = "WS.Notification.ApplicationService", "Services\Notification\WS.Notification.ApplicationService\WS.Notification.ApplicationService.csproj", "{3C2C7577-B408-47F7-AB1A-6B38FA944AD1}"
EndProject
Project("{9A19103F-16F7-4668-BE54-9A1E7A4F7556}") = "WS.Notification.Dtos", "Services\Notification\WS.Notification.Dtos\WS.Notification.Dtos.csproj", "{1866705A-F70A-4398-A4AD-F07F8F75E4B2}"
EndProject
Project("{9A19103F-16F7-4668-BE54-9A1E7A4F7556}") = "WS.Notification.Infrastructure", "Services\Notification\WS.Notification.Infrastructure\WS.Notification.Infrastructure.csproj", "{86610B59-52D4-4B1B-A623-0CE6E9B5A781}"
EndProject
Project("{9A19103F-16F7-4668-BE54-9A1E7A4F7556}") = "WS.Order.Infrastructure", "Services\Order\WS.Order.Infrastructure\WS.Order.Infrastructure.csproj", "{0A4F1E9C-8CAF-4CBB-AE5A-72C96E780B5B}"
EndProject
Project("{9A19103F-16F7-4668-BE54-9A1E7A4F7556}") = "WS.Order.Dtos", "Services\Order\WS.Order.Dtos\WS.Order.Dtos.csproj", "{EDCE53A6-E557-4438-BC07-364D6852B688}"
EndProject
Project("{9A19103F-16F7-4668-BE54-9A1E7A4F7556}") = "WS.Order.Domain", "Services\Order\WS.Order.Domain\WS.Order.Domain.csproj", "{0D3DBF08-388E-4829-A90D-AA9AC6B9B396}"
EndProject
Project("{9A19103F-16F7-4668-BE54-9A1E7A4F7556}") = "WS.Product.Infrastructure", "Services\Product\WS.Product.Infrastructure\WS.Product.Infrastructure.csproj", "{11DED749-3D39-4798-8DB3-3DD0684EFF01}"
EndProject
Project("{9A19103F-16F7-4668-BE54-9A1E7A4F7556}") = "WS.Product.Domain", "Services\Product\WS.Product.Domain\WS.Product.Domain.csproj", "{BA0EDACB-97EC-4AA8-BA46-686A1EF73753}"
EndProject
Project("{9A19103F-16F7-4668-BE54-9A1E7A4F7556}") = "WS.Product.Dtos", "Services\Product\WS.Product.Dtos\WS.Product.Dtos.csproj", "{56D58616-51BB-4869-9440-5CC584FCE311}"
EndProject
Project("{FAE04EC0-301F-11D3-BF4B-00C04F79EFBC}") = "WS.Shared.ApplicationService", "Services\shared\WS.Shared.ApplicationService\WS.Shared.ApplicationService.csproj", "{4DAC0A2F-EFFA-4855-AD89-FBCA2F4C0F09}"
EndProject
Project("{FAE04EC0-301F-11D3-BF4B-00C04F79EFBC}") = "WS.Order.ApplicationService", "Services\Order\WS.Order.ApplicationService\WS.Order.ApplicationService.csproj", "{3BF95929-7D98-46D7-9D5B-75E60FCFE363}"
EndProject
Project("{FAE04EC0-301F-11D3-BF4B-00C04F79EFBC}") = "WS.Product.ApplicationService", "Services\Product\WS.Product.ApplicationService\WS.Product.ApplicationService.csproj", "{DDD17443-7BDD-44EB-A6F5-095BD5A1A10B}"
EndProject
Global
	GlobalSection(SolutionConfigurationPlatforms) = preSolution
		Debug|Any CPU = Debug|Any CPU
		Release|Any CPU = Release|Any CPU
	EndGlobalSection
	GlobalSection(ProjectConfigurationPlatforms) = postSolution
		{B701B7C0-9EAA-4394-87B4-07AA02479933}.Debug|Any CPU.ActiveCfg = Debug|Any CPU
		{B701B7C0-9EAA-4394-87B4-07AA02479933}.Debug|Any CPU.Build.0 = Debug|Any CPU
		{B701B7C0-9EAA-4394-87B4-07AA02479933}.Release|Any CPU.ActiveCfg = Release|Any CPU
		{B701B7C0-9EAA-4394-87B4-07AA02479933}.Release|Any CPU.Build.0 = Release|Any CPU
		{C5D8EF5C-1EC4-4C80-87A9-3D9C6ECCF944}.Debug|Any CPU.ActiveCfg = Debug|Any CPU
		{C5D8EF5C-1EC4-4C80-87A9-3D9C6ECCF944}.Debug|Any CPU.Build.0 = Debug|Any CPU
		{C5D8EF5C-1EC4-4C80-87A9-3D9C6ECCF944}.Release|Any CPU.ActiveCfg = Release|Any CPU
		{C5D8EF5C-1EC4-4C80-87A9-3D9C6ECCF944}.Release|Any CPU.Build.0 = Release|Any CPU
		{3C48AD3B-67A8-4CFC-8B66-25FF84A3280B}.Debug|Any CPU.ActiveCfg = Debug|Any CPU
		{3C48AD3B-67A8-4CFC-8B66-25FF84A3280B}.Debug|Any CPU.Build.0 = Debug|Any CPU
		{3C48AD3B-67A8-4CFC-8B66-25FF84A3280B}.Release|Any CPU.ActiveCfg = Release|Any CPU
		{3C48AD3B-67A8-4CFC-8B66-25FF84A3280B}.Release|Any CPU.Build.0 = Release|Any CPU
		{DE5E3928-EA8E-4D0A-A8A9-77F43A87A974}.Debug|Any CPU.ActiveCfg = Debug|Any CPU
		{DE5E3928-EA8E-4D0A-A8A9-77F43A87A974}.Debug|Any CPU.Build.0 = Debug|Any CPU
		{DE5E3928-EA8E-4D0A-A8A9-77F43A87A974}.Release|Any CPU.ActiveCfg = Release|Any CPU
		{DE5E3928-EA8E-4D0A-A8A9-77F43A87A974}.Release|Any CPU.Build.0 = Release|Any CPU
		{47128052-E812-4F79-9519-EE7EE4C990CA}.Debug|Any CPU.ActiveCfg = Debug|Any CPU
		{47128052-E812-4F79-9519-EE7EE4C990CA}.Debug|Any CPU.Build.0 = Debug|Any CPU
		{47128052-E812-4F79-9519-EE7EE4C990CA}.Release|Any CPU.ActiveCfg = Release|Any CPU
		{47128052-E812-4F79-9519-EE7EE4C990CA}.Release|Any CPU.Build.0 = Release|Any CPU
		{EB0CC878-8CC6-41F2-93E5-E3BF22FF8125}.Debug|Any CPU.ActiveCfg = Debug|Any CPU
		{EB0CC878-8CC6-41F2-93E5-E3BF22FF8125}.Debug|Any CPU.Build.0 = Debug|Any CPU
		{EB0CC878-8CC6-41F2-93E5-E3BF22FF8125}.Release|Any CPU.ActiveCfg = Release|Any CPU
		{EB0CC878-8CC6-41F2-93E5-E3BF22FF8125}.Release|Any CPU.Build.0 = Release|Any CPU
		{3C2C7577-B408-47F7-AB1A-6B38FA944AD1}.Debug|Any CPU.ActiveCfg = Debug|Any CPU
		{3C2C7577-B408-47F7-AB1A-6B38FA944AD1}.Debug|Any CPU.Build.0 = Debug|Any CPU
		{3C2C7577-B408-47F7-AB1A-6B38FA944AD1}.Release|Any CPU.ActiveCfg = Release|Any CPU
		{3C2C7577-B408-47F7-AB1A-6B38FA944AD1}.Release|Any CPU.Build.0 = Release|Any CPU
		{1866705A-F70A-4398-A4AD-F07F8F75E4B2}.Debug|Any CPU.ActiveCfg = Debug|Any CPU
		{1866705A-F70A-4398-A4AD-F07F8F75E4B2}.Debug|Any CPU.Build.0 = Debug|Any CPU
		{1866705A-F70A-4398-A4AD-F07F8F75E4B2}.Release|Any CPU.ActiveCfg = Release|Any CPU
		{1866705A-F70A-4398-A4AD-F07F8F75E4B2}.Release|Any CPU.Build.0 = Release|Any CPU
		{86610B59-52D4-4B1B-A623-0CE6E9B5A781}.Debug|Any CPU.ActiveCfg = Debug|Any CPU
		{86610B59-52D4-4B1B-A623-0CE6E9B5A781}.Debug|Any CPU.Build.0 = Debug|Any CPU
		{86610B59-52D4-4B1B-A623-0CE6E9B5A781}.Release|Any CPU.ActiveCfg = Release|Any CPU
		{86610B59-52D4-4B1B-A623-0CE6E9B5A781}.Release|Any CPU.Build.0 = Release|Any CPU
		{0A4F1E9C-8CAF-4CBB-AE5A-72C96E780B5B}.Debug|Any CPU.ActiveCfg = Debug|Any CPU
		{0A4F1E9C-8CAF-4CBB-AE5A-72C96E780B5B}.Debug|Any CPU.Build.0 = Debug|Any CPU
		{0A4F1E9C-8CAF-4CBB-AE5A-72C96E780B5B}.Release|Any CPU.ActiveCfg = Release|Any CPU
		{0A4F1E9C-8CAF-4CBB-AE5A-72C96E780B5B}.Release|Any CPU.Build.0 = Release|Any CPU
		{EDCE53A6-E557-4438-BC07-364D6852B688}.Debug|Any CPU.ActiveCfg = Debug|Any CPU
		{EDCE53A6-E557-4438-BC07-364D6852B688}.Debug|Any CPU.Build.0 = Debug|Any CPU
		{EDCE53A6-E557-4438-BC07-364D6852B688}.Release|Any CPU.ActiveCfg = Release|Any CPU
		{EDCE53A6-E557-4438-BC07-364D6852B688}.Release|Any CPU.Build.0 = Release|Any CPU
		{0D3DBF08-388E-4829-A90D-AA9AC6B9B396}.Debug|Any CPU.ActiveCfg = Debug|Any CPU
		{0D3DBF08-388E-4829-A90D-AA9AC6B9B396}.Debug|Any CPU.Build.0 = Debug|Any CPU
		{0D3DBF08-388E-4829-A90D-AA9AC6B9B396}.Release|Any CPU.ActiveCfg = Release|Any CPU
		{0D3DBF08-388E-4829-A90D-AA9AC6B9B396}.Release|Any CPU.Build.0 = Release|Any CPU
		{11DED749-3D39-4798-8DB3-3DD0684EFF01}.Debug|Any CPU.ActiveCfg = Debug|Any CPU
		{11DED749-3D39-4798-8DB3-3DD0684EFF01}.Debug|Any CPU.Build.0 = Debug|Any CPU
		{11DED749-3D39-4798-8DB3-3DD0684EFF01}.Release|Any CPU.ActiveCfg = Release|Any CPU
		{11DED749-3D39-4798-8DB3-3DD0684EFF01}.Release|Any CPU.Build.0 = Release|Any CPU
		{BA0EDACB-97EC-4AA8-BA46-686A1EF73753}.Debug|Any CPU.ActiveCfg = Debug|Any CPU
		{BA0EDACB-97EC-4AA8-BA46-686A1EF73753}.Debug|Any CPU.Build.0 = Debug|Any CPU
		{BA0EDACB-97EC-4AA8-BA46-686A1EF73753}.Release|Any CPU.ActiveCfg = Release|Any CPU
		{BA0EDACB-97EC-4AA8-BA46-686A1EF73753}.Release|Any CPU.Build.0 = Release|Any CPU
		{56D58616-51BB-4869-9440-5CC584FCE311}.Debug|Any CPU.ActiveCfg = Debug|Any CPU
		{56D58616-51BB-4869-9440-5CC584FCE311}.Debug|Any CPU.Build.0 = Debug|Any CPU
		{56D58616-51BB-4869-9440-5CC584FCE311}.Release|Any CPU.ActiveCfg = Release|Any CPU
		{56D58616-51BB-4869-9440-5CC584FCE311}.Release|Any CPU.Build.0 = Release|Any CPU
		{4DAC0A2F-EFFA-4855-AD89-FBCA2F4C0F09}.Debug|Any CPU.ActiveCfg = Debug|Any CPU
		{4DAC0A2F-EFFA-4855-AD89-FBCA2F4C0F09}.Debug|Any CPU.Build.0 = Debug|Any CPU
		{4DAC0A2F-EFFA-4855-AD89-FBCA2F4C0F09}.Release|Any CPU.ActiveCfg = Release|Any CPU
		{4DAC0A2F-EFFA-4855-AD89-FBCA2F4C0F09}.Release|Any CPU.Build.0 = Release|Any CPU
		{3BF95929-7D98-46D7-9D5B-75E60FCFE363}.Debug|Any CPU.ActiveCfg = Debug|Any CPU
		{3BF95929-7D98-46D7-9D5B-75E60FCFE363}.Debug|Any CPU.Build.0 = Debug|Any CPU
		{3BF95929-7D98-46D7-9D5B-75E60FCFE363}.Release|Any CPU.ActiveCfg = Release|Any CPU
		{3BF95929-7D98-46D7-9D5B-75E60FCFE363}.Release|Any CPU.Build.0 = Release|Any CPU
		{DDD17443-7BDD-44EB-A6F5-095BD5A1A10B}.Debug|Any CPU.ActiveCfg = Debug|Any CPU
		{DDD17443-7BDD-44EB-A6F5-095BD5A1A10B}.Debug|Any CPU.Build.0 = Debug|Any CPU
		{DDD17443-7BDD-44EB-A6F5-095BD5A1A10B}.Release|Any CPU.ActiveCfg = Release|Any CPU
		{DDD17443-7BDD-44EB-A6F5-095BD5A1A10B}.Release|Any CPU.Build.0 = Release|Any CPU
	EndGlobalSection
	GlobalSection(SolutionProperties) = preSolution
		HideSolutionNode = FALSE
	EndGlobalSection
	GlobalSection(NestedProjects) = preSolution
		{1F959C01-9D63-4C4C-B395-4F2B48968466} = {E9239875-2DA3-4538-BA5B-AF37A5CEC5A4}
		{B05DAA8A-DE36-41A7-BBD3-7C69DB4FB6ED} = {E9239875-2DA3-4538-BA5B-AF37A5CEC5A4}
		{CB0E65C7-FBA9-457B-BDE6-FDE4E70ABEDC} = {E9239875-2DA3-4538-BA5B-AF37A5CEC5A4}
		{6AB0D1EF-5949-4996-BC8F-664F1068961B} = {E9239875-2DA3-4538-BA5B-AF37A5CEC5A4}
		{1938457D-0E2E-4B98-99EB-B6AD33ED6E42} = {E9239875-2DA3-4538-BA5B-AF37A5CEC5A4}
		{C5D8EF5C-1EC4-4C80-87A9-3D9C6ECCF944} = {CB0E65C7-FBA9-457B-BDE6-FDE4E70ABEDC}
		{3C48AD3B-67A8-4CFC-8B66-25FF84A3280B} = {CB0E65C7-FBA9-457B-BDE6-FDE4E70ABEDC}
		{DE5E3928-EA8E-4D0A-A8A9-77F43A87A974} = {CB0E65C7-FBA9-457B-BDE6-FDE4E70ABEDC}
		{47128052-E812-4F79-9519-EE7EE4C990CA} = {CB0E65C7-FBA9-457B-BDE6-FDE4E70ABEDC}
		{EB0CC878-8CC6-41F2-93E5-E3BF22FF8125} = {6AB0D1EF-5949-4996-BC8F-664F1068961B}
		{3C2C7577-B408-47F7-AB1A-6B38FA944AD1} = {6AB0D1EF-5949-4996-BC8F-664F1068961B}
		{1866705A-F70A-4398-A4AD-F07F8F75E4B2} = {6AB0D1EF-5949-4996-BC8F-664F1068961B}
		{86610B59-52D4-4B1B-A623-0CE6E9B5A781} = {6AB0D1EF-5949-4996-BC8F-664F1068961B}
		{0A4F1E9C-8CAF-4CBB-AE5A-72C96E780B5B} = {1F959C01-9D63-4C4C-B395-4F2B48968466}
		{EDCE53A6-E557-4438-BC07-364D6852B688} = {1F959C01-9D63-4C4C-B395-4F2B48968466}
		{0D3DBF08-388E-4829-A90D-AA9AC6B9B396} = {1F959C01-9D63-4C4C-B395-4F2B48968466}
		{11DED749-3D39-4798-8DB3-3DD0684EFF01} = {B05DAA8A-DE36-41A7-BBD3-7C69DB4FB6ED}
		{BA0EDACB-97EC-4AA8-BA46-686A1EF73753} = {B05DAA8A-DE36-41A7-BBD3-7C69DB4FB6ED}
		{56D58616-51BB-4869-9440-5CC584FCE311} = {B05DAA8A-DE36-41A7-BBD3-7C69DB4FB6ED}
		{4DAC0A2F-EFFA-4855-AD89-FBCA2F4C0F09} = {1938457D-0E2E-4B98-99EB-B6AD33ED6E42}
		{3BF95929-7D98-46D7-9D5B-75E60FCFE363} = {1F959C01-9D63-4C4C-B395-4F2B48968466}
		{DDD17443-7BDD-44EB-A6F5-095BD5A1A10B} = {B05DAA8A-DE36-41A7-BBD3-7C69DB4FB6ED}
	EndGlobalSection
	GlobalSection(ExtensibilityGlobals) = postSolution
		SolutionGuid = {633683AF-B730-4C0A-9989-D7EB05632830}
	EndGlobalSection
EndGlobal
